
Microsoft Visual Studio Solution File, Format Version 12.00
# Visual Studio 15
VisualStudioVersion = 15.0.28307.902
MinimumVisualStudioVersion = 10.0.40219.1
Project("{FAE04EC0-301F-11D3-BF4B-00C04F79EFBC}") = "DailyJobs", "..\ConsoleApp1\DailyJobs.csproj", "{1D9DBBE6-CA9B-47D6-B2CF-8E9C09ABBD59}"
EndProject
Global
	GlobalSection(SolutionConfigurationPlatforms) = preSolution
		Debug|Any CPU = Debug|Any CPU
		Release|Any CPU = Release|Any CPU
	EndGlobalSection
	GlobalSection(ProjectConfigurationPlatforms) = postSolution
		{1D9DBBE6-CA9B-47D6-B2CF-8E9C09ABBD59}.Debug|Any CPU.ActiveCfg = Debug|Any CPU
		{1D9DBBE6-CA9B-47D6-B2CF-8E9C09ABBD59}.Debug|Any CPU.Build.0 = Debug|Any CPU
		{1D9DBBE6-CA9B-47D6-B2CF-8E9C09ABBD59}.Release|Any CPU.ActiveCfg = Release|Any CPU
		{1D9DBBE6-CA9B-47D6-B2CF-8E9C09ABBD59}.Release|Any CPU.Build.0 = Release|Any CPU
	EndGlobalSection
	GlobalSection(SolutionProperties) = preSolution
		HideSolutionNode = FALSE
	EndGlobalSection
	GlobalSection(ExtensibilityGlobals) = postSolution
		SolutionGuid = {0762A15F-9E9A-4575-A771-D966A35AFC67}
	EndGlobalSection
EndGlobal
